
Microsoft Visual Studio Solution File, Format Version 12.00
# Visual Studio Version 17
VisualStudioVersion = 17.7.34024.191
MinimumVisualStudioVersion = 10.0.40219.1
Project("{FAE04EC0-301F-11D3-BF4B-00C04F79EFBC}") = "ControleNomes", "ControleNomes\ControleNomes.csproj", "{1772AB12-3C75-472C-B2A9-87B12280185B}"
EndProject
Global
	GlobalSection(SolutionConfigurationPlatforms) = preSolution
		Debug|Any CPU = Debug|Any CPU
		Release|Any CPU = Release|Any CPU
	EndGlobalSection
	GlobalSection(ProjectConfigurationPlatforms) = postSolution
		{1772AB12-3C75-472C-B2A9-87B12280185B}.Debug|Any CPU.ActiveCfg = Debug|Any CPU
		{1772AB12-3C75-472C-B2A9-87B12280185B}.Debug|Any CPU.Build.0 = Debug|Any CPU
		{1772AB12-3C75-472C-B2A9-87B12280185B}.Release|Any CPU.ActiveCfg = Release|Any CPU
		{1772AB12-3C75-472C-B2A9-87B12280185B}.Release|Any CPU.Build.0 = Release|Any CPU
	EndGlobalSection
	GlobalSection(SolutionProperties) = preSolution
		HideSolutionNode = FALSE
	EndGlobalSection
	GlobalSection(ExtensibilityGlobals) = postSolution
		SolutionGuid = {244BE0BF-4E52-48B0-A61B-83E754CB1B20}
	EndGlobalSection
EndGlobal
